
Microsoft Visual Studio Solution File, Format Version 12.00
Project("{FAE04EC0-301F-11D3-BF4B-00C04F79EFBC}") = "Rubiks.FrontEnd", "Rubiks.FrontEnd\Rubiks.FrontEnd.csproj", "{99AC5FDE-5E6F-460E-850F-4C59758FCDBD}"
EndProject
Global
	GlobalSection(SolutionConfigurationPlatforms) = preSolution
		Debug|Any CPU = Debug|Any CPU
		Release|Any CPU = Release|Any CPU
	EndGlobalSection
	GlobalSection(ProjectConfigurationPlatforms) = postSolution
		{99AC5FDE-5E6F-460E-850F-4C59758FCDBD}.Debug|Any CPU.ActiveCfg = Debug|Any CPU
		{99AC5FDE-5E6F-460E-850F-4C59758FCDBD}.Debug|Any CPU.Build.0 = Debug|Any CPU
		{99AC5FDE-5E6F-460E-850F-4C59758FCDBD}.Release|Any CPU.ActiveCfg = Release|Any CPU
		{99AC5FDE-5E6F-460E-850F-4C59758FCDBD}.Release|Any CPU.Build.0 = Release|Any CPU
	EndGlobalSection
EndGlobal
